
Microsoft Visual Studio Solution File, Format Version 12.00
# Visual Studio Version 17
VisualStudioVersion = 17.7.34031.279
MinimumVisualStudioVersion = 10.0.40219.1
Project("{9A19103F-16F7-4668-BE54-9A1E7A4F7556}") = "dotnet-DateTime-ToString", "dotnet-DateTime-ToString.csproj", "{1598D681-A0BC-4FE1-9FC8-06B214A4DCDA}"
EndProject
Global
	GlobalSection(SolutionConfigurationPlatforms) = preSolution
		Debug|x64 = Debug|x64
		Release|x64 = Release|x64
	EndGlobalSection
	GlobalSection(ProjectConfigurationPlatforms) = postSolution
		{1598D681-A0BC-4FE1-9FC8-06B214A4DCDA}.Debug|x64.ActiveCfg = Debug|x64
		{1598D681-A0BC-4FE1-9FC8-06B214A4DCDA}.Debug|x64.Build.0 = Debug|x64
		{1598D681-A0BC-4FE1-9FC8-06B214A4DCDA}.Release|x64.ActiveCfg = Release|x64
	EndGlobalSection
	GlobalSection(SolutionProperties) = preSolution
		HideSolutionNode = FALSE
	EndGlobalSection
	GlobalSection(ExtensibilityGlobals) = postSolution
		SolutionGuid = {DC5AD7E9-1CCF-44EC-9D15-3312C00D40DB}
	EndGlobalSection
EndGlobal
